
Microsoft Visual Studio Solution File, Format Version 12.00
# Visual Studio Version 16
VisualStudioVersion = 16.0.29613.14
MinimumVisualStudioVersion = 10.0.40219.1
Project("{FAE04EC0-301F-11D3-BF4B-00C04F79EFBC}") = "net", "net\net.csproj", "{CBFC9AB5-40F0-4852-AFE6-1FC78A041283}"
EndProject
Global
	GlobalSection(SolutionConfigurationPlatforms) = preSolution
		Debug|Any CPU = Debug|Any CPU
		Release|Any CPU = Release|Any CPU
	EndGlobalSection
	GlobalSection(ProjectConfigurationPlatforms) = postSolution
		{CBFC9AB5-40F0-4852-AFE6-1FC78A041283}.Debug|Any CPU.ActiveCfg = Debug|Any CPU
		{CBFC9AB5-40F0-4852-AFE6-1FC78A041283}.Debug|Any CPU.Build.0 = Debug|Any CPU
		{CBFC9AB5-40F0-4852-AFE6-1FC78A041283}.Release|Any CPU.ActiveCfg = Release|Any CPU
		{CBFC9AB5-40F0-4852-AFE6-1FC78A041283}.Release|Any CPU.Build.0 = Release|Any CPU
	EndGlobalSection
	GlobalSection(SolutionProperties) = preSolution
		HideSolutionNode = FALSE
	EndGlobalSection
	GlobalSection(ExtensibilityGlobals) = postSolution
		SolutionGuid = {AB91D6A4-0F60-4C64-A03A-6B33731A07FB}
	EndGlobalSection
EndGlobal
